
Microsoft Visual Studio Solution File, Format Version 12.00
# Visual Studio 15
VisualStudioVersion = 15.0.26430.16
MinimumVisualStudioVersion = 10.0.40219.1
Project("{FAE04EC0-301F-11D3-BF4B-00C04F79EFBC}") = "PerfectBody.Android", "PerfectBody\PerfectBody.Android\PerfectBody.Android.csproj", "{1E5B724A-377C-4D52-901C-76C6DCAEFEC1}"
EndProject
Project("{FAE04EC0-301F-11D3-BF4B-00C04F79EFBC}") = "PerfectBody", "PerfectBody\PerfectBody\PerfectBody.csproj", "{597A7C9D-4309-477D-8A2C-DC08FD4ED50B}"
EndProject
Project("{FAE04EC0-301F-11D3-BF4B-00C04F79EFBC}") = "PerfectBody.UWP", "PerfectBody\PerfectBody.UWP\PerfectBody.UWP.csproj", "{EC718734-41F1-453B-9F21-2B6D936C3479}"
EndProject
Project("{FAE04EC0-301F-11D3-BF4B-00C04F79EFBC}") = "PerfectBody.iOS", "PerfectBody\PerfectBody.iOS\PerfectBody.iOS.csproj", "{A25FF0E7-4FE8-42E3-AFA6-5E9EAFB62C1A}"
EndProject
Project("{2150E333-8FDC-42A3-9474-1A3956D46DE8}") = "Mobile App", "Mobile App", "{79B68F41-091F-43F6-BA40-36DAAC3F875C}"
EndProject
Project("{2150E333-8FDC-42A3-9474-1A3956D46DE8}") = "Tests", "Tests", "{D1559C1A-5D3C-4BFA-B763-459107F98EDD}"
EndProject
Project("{FAE04EC0-301F-11D3-BF4B-00C04F79EFBC}") = "PerfectBody.UnitTests", "PerfectBody.UnitTests\PerfectBody.UnitTests.csproj", "{8CC7D8C1-CF37-446F-B698-0ECDC854662A}"
EndProject
Project("{FAE04EC0-301F-11D3-BF4B-00C04F79EFBC}") = "PerfectBody.UiTests", "PerfectBody.UiTests\PerfectBody.UiTests.csproj", "{C5E07002-E904-4700-B5DD-C75F56836D84}"
EndProject
Global
	GlobalSection(SolutionConfigurationPlatforms) = preSolution
		Ad-Hoc|Any CPU = Ad-Hoc|Any CPU
		Ad-Hoc|ARM = Ad-Hoc|ARM
		Ad-Hoc|iPhone = Ad-Hoc|iPhone
		Ad-Hoc|iPhoneSimulator = Ad-Hoc|iPhoneSimulator
		Ad-Hoc|x64 = Ad-Hoc|x64
		Ad-Hoc|x86 = Ad-Hoc|x86
		AppStore|Any CPU = AppStore|Any CPU
		AppStore|ARM = AppStore|ARM
		AppStore|iPhone = AppStore|iPhone
		AppStore|iPhoneSimulator = AppStore|iPhoneSimulator
		AppStore|x64 = AppStore|x64
		AppStore|x86 = AppStore|x86
		Debug|Any CPU = Debug|Any CPU
		Debug|ARM = Debug|ARM
		Debug|iPhone = Debug|iPhone
		Debug|iPhoneSimulator = Debug|iPhoneSimulator
		Debug|x64 = Debug|x64
		Debug|x86 = Debug|x86
		Release|Any CPU = Release|Any CPU
		Release|ARM = Release|ARM
		Release|iPhone = Release|iPhone
		Release|iPhoneSimulator = Release|iPhoneSimulator
		Release|x64 = Release|x64
		Release|x86 = Release|x86
	EndGlobalSection
	GlobalSection(ProjectConfigurationPlatforms) = postSolution
		{1E5B724A-377C-4D52-901C-76C6DCAEFEC1}.Ad-Hoc|Any CPU.ActiveCfg = Release|Any CPU
		{1E5B724A-377C-4D52-901C-76C6DCAEFEC1}.Ad-Hoc|Any CPU.Build.0 = Release|Any CPU
		{1E5B724A-377C-4D52-901C-76C6DCAEFEC1}.Ad-Hoc|Any CPU.Deploy.0 = Release|Any CPU
		{1E5B724A-377C-4D52-901C-76C6DCAEFEC1}.Ad-Hoc|ARM.ActiveCfg = Release|Any CPU
		{1E5B724A-377C-4D52-901C-76C6DCAEFEC1}.Ad-Hoc|ARM.Build.0 = Release|Any CPU
		{1E5B724A-377C-4D52-901C-76C6DCAEFEC1}.Ad-Hoc|ARM.Deploy.0 = Release|Any CPU
		{1E5B724A-377C-4D52-901C-76C6DCAEFEC1}.Ad-Hoc|iPhone.ActiveCfg = Release|Any CPU
		{1E5B724A-377C-4D52-901C-76C6DCAEFEC1}.Ad-Hoc|iPhone.Build.0 = Release|Any CPU
		{1E5B724A-377C-4D52-901C-76C6DCAEFEC1}.Ad-Hoc|iPhone.Deploy.0 = Release|Any CPU
		{1E5B724A-377C-4D52-901C-76C6DCAEFEC1}.Ad-Hoc|iPhoneSimulator.ActiveCfg = Release|Any CPU
		{1E5B724A-377C-4D52-901C-76C6DCAEFEC1}.Ad-Hoc|iPhoneSimulator.Build.0 = Release|Any CPU
		{1E5B724A-377C-4D52-901C-76C6DCAEFEC1}.Ad-Hoc|iPhoneSimulator.Deploy.0 = Release|Any CPU
		{1E5B724A-377C-4D52-901C-76C6DCAEFEC1}.Ad-Hoc|x64.ActiveCfg = Release|Any CPU
		{1E5B724A-377C-4D52-901C-76C6DCAEFEC1}.Ad-Hoc|x64.Build.0 = Release|Any CPU
		{1E5B724A-377C-4D52-901C-76C6DCAEFEC1}.Ad-Hoc|x64.Deploy.0 = Release|Any CPU
		{1E5B724A-377C-4D52-901C-76C6DCAEFEC1}.Ad-Hoc|x86.ActiveCfg = Release|Any CPU
		{1E5B724A-377C-4D52-901C-76C6DCAEFEC1}.Ad-Hoc|x86.Build.0 = Release|Any CPU
		{1E5B724A-377C-4D52-901C-76C6DCAEFEC1}.Ad-Hoc|x86.Deploy.0 = Release|Any CPU
		{1E5B724A-377C-4D52-901C-76C6DCAEFEC1}.AppStore|Any CPU.ActiveCfg = Release|Any CPU
		{1E5B724A-377C-4D52-901C-76C6DCAEFEC1}.AppStore|Any CPU.Build.0 = Release|Any CPU
		{1E5B724A-377C-4D52-901C-76C6DCAEFEC1}.AppStore|Any CPU.Deploy.0 = Release|Any CPU
		{1E5B724A-377C-4D52-901C-76C6DCAEFEC1}.AppStore|ARM.ActiveCfg = Release|Any CPU
		{1E5B724A-377C-4D52-901C-76C6DCAEFEC1}.AppStore|ARM.Build.0 = Release|Any CPU
		{1E5B724A-377C-4D52-901C-76C6DCAEFEC1}.AppStore|ARM.Deploy.0 = Release|Any CPU
		{1E5B724A-377C-4D52-901C-76C6DCAEFEC1}.AppStore|iPhone.ActiveCfg = Release|Any CPU
		{1E5B724A-377C-4D52-901C-76C6DCAEFEC1}.AppStore|iPhone.Build.0 = Release|Any CPU
		{1E5B724A-377C-4D52-901C-76C6DCAEFEC1}.AppStore|iPhone.Deploy.0 = Release|Any CPU
		{1E5B724A-377C-4D52-901C-76C6DCAEFEC1}.AppStore|iPhoneSimulator.ActiveCfg = Release|Any CPU
		{1E5B724A-377C-4D52-901C-76C6DCAEFEC1}.AppStore|iPhoneSimulator.Build.0 = Release|Any CPU
		{1E5B724A-377C-4D52-901C-76C6DCAEFEC1}.AppStore|iPhoneSimulator.Deploy.0 = Release|Any CPU
		{1E5B724A-377C-4D52-901C-76C6DCAEFEC1}.AppStore|x64.ActiveCfg = Release|Any CPU
		{1E5B724A-377C-4D52-901C-76C6DCAEFEC1}.AppStore|x64.Build.0 = Release|Any CPU
		{1E5B724A-377C-4D52-901C-76C6DCAEFEC1}.AppStore|x64.Deploy.0 = Release|Any CPU
		{1E5B724A-377C-4D52-901C-76C6DCAEFEC1}.AppStore|x86.ActiveCfg = Release|Any CPU
		{1E5B724A-377C-4D52-901C-76C6DCAEFEC1}.AppStore|x86.Build.0 = Release|Any CPU
		{1E5B724A-377C-4D52-901C-76C6DCAEFEC1}.AppStore|x86.Deploy.0 = Release|Any CPU
		{1E5B724A-377C-4D52-901C-76C6DCAEFEC1}.Debug|Any CPU.ActiveCfg = Debug|Any CPU
		{1E5B724A-377C-4D52-901C-76C6DCAEFEC1}.Debug|Any CPU.Build.0 = Debug|Any CPU
		{1E5B724A-377C-4D52-901C-76C6DCAEFEC1}.Debug|Any CPU.Deploy.0 = Debug|Any CPU
		{1E5B724A-377C-4D52-901C-76C6DCAEFEC1}.Debug|ARM.ActiveCfg = Debug|Any CPU
		{1E5B724A-377C-4D52-901C-76C6DCAEFEC1}.Debug|ARM.Build.0 = Debug|Any CPU
		{1E5B724A-377C-4D52-901C-76C6DCAEFEC1}.Debug|ARM.Deploy.0 = Debug|Any CPU
		{1E5B724A-377C-4D52-901C-76C6DCAEFEC1}.Debug|iPhone.ActiveCfg = Debug|Any CPU
		{1E5B724A-377C-4D52-901C-76C6DCAEFEC1}.Debug|iPhone.Build.0 = Debug|Any CPU
		{1E5B724A-377C-4D52-901C-76C6DCAEFEC1}.Debug|iPhone.Deploy.0 = Debug|Any CPU
		{1E5B724A-377C-4D52-901C-76C6DCAEFEC1}.Debug|iPhoneSimulator.ActiveCfg = Debug|Any CPU
		{1E5B724A-377C-4D52-901C-76C6DCAEFEC1}.Debug|iPhoneSimulator.Build.0 = Debug|Any CPU
		{1E5B724A-377C-4D52-901C-76C6DCAEFEC1}.Debug|iPhoneSimulator.Deploy.0 = Debug|Any CPU
		{1E5B724A-377C-4D52-901C-76C6DCAEFEC1}.Debug|x64.ActiveCfg = Debug|Any CPU
		{1E5B724A-377C-4D52-901C-76C6DCAEFEC1}.Debug|x64.Build.0 = Debug|Any CPU
		{1E5B724A-377C-4D52-901C-76C6DCAEFEC1}.Debug|x64.Deploy.0 = Debug|Any CPU
		{1E5B724A-377C-4D52-901C-76C6DCAEFEC1}.Debug|x86.ActiveCfg = Debug|Any CPU
		{1E5B724A-377C-4D52-901C-76C6DCAEFEC1}.Debug|x86.Build.0 = Debug|Any CPU
		{1E5B724A-377C-4D52-901C-76C6DCAEFEC1}.Debug|x86.Deploy.0 = Debug|Any CPU
		{1E5B724A-377C-4D52-901C-76C6DCAEFEC1}.Release|Any CPU.ActiveCfg = Release|Any CPU
		{1E5B724A-377C-4D52-901C-76C6DCAEFEC1}.Release|Any CPU.Build.0 = Release|Any CPU
		{1E5B724A-377C-4D52-901C-76C6DCAEFEC1}.Release|Any CPU.Deploy.0 = Release|Any CPU
		{1E5B724A-377C-4D52-901C-76C6DCAEFEC1}.Release|ARM.ActiveCfg = Release|Any CPU
		{1E5B724A-377C-4D52-901C-76C6DCAEFEC1}.Release|ARM.Build.0 = Release|Any CPU
		{1E5B724A-377C-4D52-901C-76C6DCAEFEC1}.Release|ARM.Deploy.0 = Release|Any CPU
		{1E5B724A-377C-4D52-901C-76C6DCAEFEC1}.Release|iPhone.ActiveCfg = Release|Any CPU
		{1E5B724A-377C-4D52-901C-76C6DCAEFEC1}.Release|iPhone.Build.0 = Release|Any CPU
		{1E5B724A-377C-4D52-901C-76C6DCAEFEC1}.Release|iPhone.Deploy.0 = Release|Any CPU
		{1E5B724A-377C-4D52-901C-76C6DCAEFEC1}.Release|iPhoneSimulator.ActiveCfg = Release|Any CPU
		{1E5B724A-377C-4D52-901C-76C6DCAEFEC1}.Release|iPhoneSimulator.Build.0 = Release|Any CPU
		{1E5B724A-377C-4D52-901C-76C6DCAEFEC1}.Release|iPhoneSimulator.Deploy.0 = Release|Any CPU
		{1E5B724A-377C-4D52-901C-76C6DCAEFEC1}.Release|x64.ActiveCfg = Release|Any CPU
		{1E5B724A-377C-4D52-901C-76C6DCAEFEC1}.Release|x64.Build.0 = Release|Any CPU
		{1E5B724A-377C-4D52-901C-76C6DCAEFEC1}.Release|x64.Deploy.0 = Release|Any CPU
		{1E5B724A-377C-4D52-901C-76C6DCAEFEC1}.Release|x86.ActiveCfg = Release|Any CPU
		{1E5B724A-377C-4D52-901C-76C6DCAEFEC1}.Release|x86.Build.0 = Release|Any CPU
		{1E5B724A-377C-4D52-901C-76C6DCAEFEC1}.Release|x86.Deploy.0 = Release|Any CPU
		{597A7C9D-4309-477D-8A2C-DC08FD4ED50B}.Ad-Hoc|Any CPU.ActiveCfg = Release|Any CPU
		{597A7C9D-4309-477D-8A2C-DC08FD4ED50B}.Ad-Hoc|Any CPU.Build.0 = Release|Any CPU
		{597A7C9D-4309-477D-8A2C-DC08FD4ED50B}.Ad-Hoc|ARM.ActiveCfg = Release|Any CPU
		{597A7C9D-4309-477D-8A2C-DC08FD4ED50B}.Ad-Hoc|ARM.Build.0 = Release|Any CPU
		{597A7C9D-4309-477D-8A2C-DC08FD4ED50B}.Ad-Hoc|iPhone.ActiveCfg = Release|Any CPU
		{597A7C9D-4309-477D-8A2C-DC08FD4ED50B}.Ad-Hoc|iPhone.Build.0 = Release|Any CPU
		{597A7C9D-4309-477D-8A2C-DC08FD4ED50B}.Ad-Hoc|iPhoneSimulator.ActiveCfg = Release|Any CPU
		{597A7C9D-4309-477D-8A2C-DC08FD4ED50B}.Ad-Hoc|iPhoneSimulator.Build.0 = Release|Any CPU
		{597A7C9D-4309-477D-8A2C-DC08FD4ED50B}.Ad-Hoc|x64.ActiveCfg = Release|Any CPU
		{597A7C9D-4309-477D-8A2C-DC08FD4ED50B}.Ad-Hoc|x64.Build.0 = Release|Any CPU
		{597A7C9D-4309-477D-8A2C-DC08FD4ED50B}.Ad-Hoc|x86.ActiveCfg = Release|Any CPU
		{597A7C9D-4309-477D-8A2C-DC08FD4ED50B}.Ad-Hoc|x86.Build.0 = Release|Any CPU
		{597A7C9D-4309-477D-8A2C-DC08FD4ED50B}.AppStore|Any CPU.ActiveCfg = Release|Any CPU
		{597A7C9D-4309-477D-8A2C-DC08FD4ED50B}.AppStore|Any CPU.Build.0 = Release|Any CPU
		{597A7C9D-4309-477D-8A2C-DC08FD4ED50B}.AppStore|ARM.ActiveCfg = Release|Any CPU
		{597A7C9D-4309-477D-8A2C-DC08FD4ED50B}.AppStore|ARM.Build.0 = Release|Any CPU
		{597A7C9D-4309-477D-8A2C-DC08FD4ED50B}.AppStore|iPhone.ActiveCfg = Release|Any CPU
		{597A7C9D-4309-477D-8A2C-DC08FD4ED50B}.AppStore|iPhone.Build.0 = Release|Any CPU
		{597A7C9D-4309-477D-8A2C-DC08FD4ED50B}.AppStore|iPhoneSimulator.ActiveCfg = Release|Any CPU
		{597A7C9D-4309-477D-8A2C-DC08FD4ED50B}.AppStore|iPhoneSimulator.Build.0 = Release|Any CPU
		{597A7C9D-4309-477D-8A2C-DC08FD4ED50B}.AppStore|x64.ActiveCfg = Release|Any CPU
		{597A7C9D-4309-477D-8A2C-DC08FD4ED50B}.AppStore|x64.Build.0 = Release|Any CPU
		{597A7C9D-4309-477D-8A2C-DC08FD4ED50B}.AppStore|x86.ActiveCfg = Release|Any CPU
		{597A7C9D-4309-477D-8A2C-DC08FD4ED50B}.AppStore|x86.Build.0 = Release|Any CPU
		{597A7C9D-4309-477D-8A2C-DC08FD4ED50B}.Debug|Any CPU.ActiveCfg = Debug|Any CPU
		{597A7C9D-4309-477D-8A2C-DC08FD4ED50B}.Debug|Any CPU.Build.0 = Debug|Any CPU
		{597A7C9D-4309-477D-8A2C-DC08FD4ED50B}.Debug|ARM.ActiveCfg = Debug|Any CPU
		{597A7C9D-4309-477D-8A2C-DC08FD4ED50B}.Debug|ARM.Build.0 = Debug|Any CPU
		{597A7C9D-4309-477D-8A2C-DC08FD4ED50B}.Debug|iPhone.ActiveCfg = Debug|Any CPU
		{597A7C9D-4309-477D-8A2C-DC08FD4ED50B}.Debug|iPhone.Build.0 = Debug|Any CPU
		{597A7C9D-4309-477D-8A2C-DC08FD4ED50B}.Debug|iPhoneSimulator.ActiveCfg = Debug|Any CPU
		{597A7C9D-4309-477D-8A2C-DC08FD4ED50B}.Debug|iPhoneSimulator.Build.0 = Debug|Any CPU
		{597A7C9D-4309-477D-8A2C-DC08FD4ED50B}.Debug|x64.ActiveCfg = Debug|Any CPU
		{597A7C9D-4309-477D-8A2C-DC08FD4ED50B}.Debug|x64.Build.0 = Debug|Any CPU
		{597A7C9D-4309-477D-8A2C-DC08FD4ED50B}.Debug|x86.ActiveCfg = Debug|Any CPU
		{597A7C9D-4309-477D-8A2C-DC08FD4ED50B}.Debug|x86.Build.0 = Debug|Any CPU
		{597A7C9D-4309-477D-8A2C-DC08FD4ED50B}.Release|Any CPU.ActiveCfg = Release|Any CPU
		{597A7C9D-4309-477D-8A2C-DC08FD4ED50B}.Release|Any CPU.Build.0 = Release|Any CPU
		{597A7C9D-4309-477D-8A2C-DC08FD4ED50B}.Release|ARM.ActiveCfg = Release|Any CPU
		{597A7C9D-4309-477D-8A2C-DC08FD4ED50B}.Release|ARM.Build.0 = Release|Any CPU
		{597A7C9D-4309-477D-8A2C-DC08FD4ED50B}.Release|iPhone.ActiveCfg = Release|Any CPU
		{597A7C9D-4309-477D-8A2C-DC08FD4ED50B}.Release|iPhone.Build.0 = Release|Any CPU
		{597A7C9D-4309-477D-8A2C-DC08FD4ED50B}.Release|iPhoneSimulator.ActiveCfg = Release|Any CPU
		{597A7C9D-4309-477D-8A2C-DC08FD4ED50B}.Release|iPhoneSimulator.Build.0 = Release|Any CPU
		{597A7C9D-4309-477D-8A2C-DC08FD4ED50B}.Release|x64.ActiveCfg = Release|Any CPU
		{597A7C9D-4309-477D-8A2C-DC08FD4ED50B}.Release|x64.Build.0 = Release|Any CPU
		{597A7C9D-4309-477D-8A2C-DC08FD4ED50B}.Release|x86.ActiveCfg = Release|Any CPU
		{597A7C9D-4309-477D-8A2C-DC08FD4ED50B}.Release|x86.Build.0 = Release|Any CPU
		{EC718734-41F1-453B-9F21-2B6D936C3479}.Ad-Hoc|Any CPU.ActiveCfg = Release|x86
		{EC718734-41F1-453B-9F21-2B6D936C3479}.Ad-Hoc|Any CPU.Build.0 = Release|x86
		{EC718734-41F1-453B-9F21-2B6D936C3479}.Ad-Hoc|Any CPU.Deploy.0 = Release|x86
		{EC718734-41F1-453B-9F21-2B6D936C3479}.Ad-Hoc|ARM.ActiveCfg = Release|ARM
		{EC718734-41F1-453B-9F21-2B6D936C3479}.Ad-Hoc|ARM.Build.0 = Release|ARM
		{EC718734-41F1-453B-9F21-2B6D936C3479}.Ad-Hoc|ARM.Deploy.0 = Release|ARM
		{EC718734-41F1-453B-9F21-2B6D936C3479}.Ad-Hoc|iPhone.ActiveCfg = Release|x86
		{EC718734-41F1-453B-9F21-2B6D936C3479}.Ad-Hoc|iPhone.Build.0 = Release|x86
		{EC718734-41F1-453B-9F21-2B6D936C3479}.Ad-Hoc|iPhone.Deploy.0 = Release|x86
		{EC718734-41F1-453B-9F21-2B6D936C3479}.Ad-Hoc|iPhoneSimulator.ActiveCfg = Release|x86
		{EC718734-41F1-453B-9F21-2B6D936C3479}.Ad-Hoc|iPhoneSimulator.Build.0 = Release|x86
		{EC718734-41F1-453B-9F21-2B6D936C3479}.Ad-Hoc|iPhoneSimulator.Deploy.0 = Release|x86
		{EC718734-41F1-453B-9F21-2B6D936C3479}.Ad-Hoc|x64.ActiveCfg = Release|x64
		{EC718734-41F1-453B-9F21-2B6D936C3479}.Ad-Hoc|x64.Build.0 = Release|x64
		{EC718734-41F1-453B-9F21-2B6D936C3479}.Ad-Hoc|x64.Deploy.0 = Release|x64
		{EC718734-41F1-453B-9F21-2B6D936C3479}.Ad-Hoc|x86.ActiveCfg = Release|x86
		{EC718734-41F1-453B-9F21-2B6D936C3479}.Ad-Hoc|x86.Build.0 = Release|x86
		{EC718734-41F1-453B-9F21-2B6D936C3479}.Ad-Hoc|x86.Deploy.0 = Release|x86
		{EC718734-41F1-453B-9F21-2B6D936C3479}.AppStore|Any CPU.ActiveCfg = Release|x86
		{EC718734-41F1-453B-9F21-2B6D936C3479}.AppStore|Any CPU.Build.0 = Release|x86
		{EC718734-41F1-453B-9F21-2B6D936C3479}.AppStore|Any CPU.Deploy.0 = Release|x86
		{EC718734-41F1-453B-9F21-2B6D936C3479}.AppStore|ARM.ActiveCfg = Release|ARM
		{EC718734-41F1-453B-9F21-2B6D936C3479}.AppStore|ARM.Build.0 = Release|ARM
		{EC718734-41F1-453B-9F21-2B6D936C3479}.AppStore|ARM.Deploy.0 = Release|ARM
		{EC718734-41F1-453B-9F21-2B6D936C3479}.AppStore|iPhone.ActiveCfg = Release|x86
		{EC718734-41F1-453B-9F21-2B6D936C3479}.AppStore|iPhone.Build.0 = Release|x86
		{EC718734-41F1-453B-9F21-2B6D936C3479}.AppStore|iPhone.Deploy.0 = Release|x86
		{EC718734-41F1-453B-9F21-2B6D936C3479}.AppStore|iPhoneSimulator.ActiveCfg = Release|x86
		{EC718734-41F1-453B-9F21-2B6D936C3479}.AppStore|iPhoneSimulator.Build.0 = Release|x86
		{EC718734-41F1-453B-9F21-2B6D936C3479}.AppStore|iPhoneSimulator.Deploy.0 = Release|x86
		{EC718734-41F1-453B-9F21-2B6D936C3479}.AppStore|x64.ActiveCfg = Release|x64
		{EC718734-41F1-453B-9F21-2B6D936C3479}.AppStore|x64.Build.0 = Release|x64
		{EC718734-41F1-453B-9F21-2B6D936C3479}.AppStore|x64.Deploy.0 = Release|x64
		{EC718734-41F1-453B-9F21-2B6D936C3479}.AppStore|x86.ActiveCfg = Release|x86
		{EC718734-41F1-453B-9F21-2B6D936C3479}.AppStore|x86.Build.0 = Release|x86
		{EC718734-41F1-453B-9F21-2B6D936C3479}.AppStore|x86.Deploy.0 = Release|x86
		{EC718734-41F1-453B-9F21-2B6D936C3479}.Debug|Any CPU.ActiveCfg = Debug|x86
		{EC718734-41F1-453B-9F21-2B6D936C3479}.Debug|Any CPU.Build.0 = Debug|x86
		{EC718734-41F1-453B-9F21-2B6D936C3479}.Debug|Any CPU.Deploy.0 = Debug|x86
		{EC718734-41F1-453B-9F21-2B6D936C3479}.Debug|ARM.ActiveCfg = Debug|ARM
		{EC718734-41F1-453B-9F21-2B6D936C3479}.Debug|ARM.Build.0 = Debug|ARM
		{EC718734-41F1-453B-9F21-2B6D936C3479}.Debug|ARM.Deploy.0 = Debug|ARM
		{EC718734-41F1-453B-9F21-2B6D936C3479}.Debug|iPhone.ActiveCfg = Debug|x86
		{EC718734-41F1-453B-9F21-2B6D936C3479}.Debug|iPhoneSimulator.ActiveCfg = Debug|x86
		{EC718734-41F1-453B-9F21-2B6D936C3479}.Debug|x64.ActiveCfg = Debug|x64
		{EC718734-41F1-453B-9F21-2B6D936C3479}.Debug|x64.Build.0 = Debug|x64
		{EC718734-41F1-453B-9F21-2B6D936C3479}.Debug|x64.Deploy.0 = Debug|x64
		{EC718734-41F1-453B-9F21-2B6D936C3479}.Debug|x86.ActiveCfg = Debug|x86
		{EC718734-41F1-453B-9F21-2B6D936C3479}.Debug|x86.Build.0 = Debug|x86
		{EC718734-41F1-453B-9F21-2B6D936C3479}.Debug|x86.Deploy.0 = Debug|x86
		{EC718734-41F1-453B-9F21-2B6D936C3479}.Release|Any CPU.ActiveCfg = Release|x86
		{EC718734-41F1-453B-9F21-2B6D936C3479}.Release|Any CPU.Build.0 = Release|x86
		{EC718734-41F1-453B-9F21-2B6D936C3479}.Release|Any CPU.Deploy.0 = Release|x86
		{EC718734-41F1-453B-9F21-2B6D936C3479}.Release|ARM.ActiveCfg = Release|ARM
		{EC718734-41F1-453B-9F21-2B6D936C3479}.Release|ARM.Build.0 = Release|ARM
		{EC718734-41F1-453B-9F21-2B6D936C3479}.Release|ARM.Deploy.0 = Release|ARM
		{EC718734-41F1-453B-9F21-2B6D936C3479}.Release|iPhone.ActiveCfg = Release|x86
		{EC718734-41F1-453B-9F21-2B6D936C3479}.Release|iPhoneSimulator.ActiveCfg = Release|x86
		{EC718734-41F1-453B-9F21-2B6D936C3479}.Release|x64.ActiveCfg = Release|x64
		{EC718734-41F1-453B-9F21-2B6D936C3479}.Release|x64.Build.0 = Release|x64
		{EC718734-41F1-453B-9F21-2B6D936C3479}.Release|x64.Deploy.0 = Release|x64
		{EC718734-41F1-453B-9F21-2B6D936C3479}.Release|x86.ActiveCfg = Release|x86
		{EC718734-41F1-453B-9F21-2B6D936C3479}.Release|x86.Build.0 = Release|x86
		{EC718734-41F1-453B-9F21-2B6D936C3479}.Release|x86.Deploy.0 = Release|x86
		{A25FF0E7-4FE8-42E3-AFA6-5E9EAFB62C1A}.Ad-Hoc|Any CPU.ActiveCfg = Ad-Hoc|iPhone
		{A25FF0E7-4FE8-42E3-AFA6-5E9EAFB62C1A}.Ad-Hoc|ARM.ActiveCfg = Ad-Hoc|iPhone
		{A25FF0E7-4FE8-42E3-AFA6-5E9EAFB62C1A}.Ad-Hoc|iPhone.ActiveCfg = Ad-Hoc|iPhone
		{A25FF0E7-4FE8-42E3-AFA6-5E9EAFB62C1A}.Ad-Hoc|iPhone.Build.0 = Ad-Hoc|iPhone
		{A25FF0E7-4FE8-42E3-AFA6-5E9EAFB62C1A}.Ad-Hoc|iPhoneSimulator.ActiveCfg = Ad-Hoc|iPhoneSimulator
		{A25FF0E7-4FE8-42E3-AFA6-5E9EAFB62C1A}.Ad-Hoc|iPhoneSimulator.Build.0 = Ad-Hoc|iPhoneSimulator
		{A25FF0E7-4FE8-42E3-AFA6-5E9EAFB62C1A}.Ad-Hoc|x64.ActiveCfg = Ad-Hoc|iPhone
		{A25FF0E7-4FE8-42E3-AFA6-5E9EAFB62C1A}.Ad-Hoc|x86.ActiveCfg = Ad-Hoc|iPhone
		{A25FF0E7-4FE8-42E3-AFA6-5E9EAFB62C1A}.AppStore|Any CPU.ActiveCfg = AppStore|iPhone
		{A25FF0E7-4FE8-42E3-AFA6-5E9EAFB62C1A}.AppStore|ARM.ActiveCfg = AppStore|iPhone
		{A25FF0E7-4FE8-42E3-AFA6-5E9EAFB62C1A}.AppStore|iPhone.ActiveCfg = AppStore|iPhone
		{A25FF0E7-4FE8-42E3-AFA6-5E9EAFB62C1A}.AppStore|iPhone.Build.0 = AppStore|iPhone
		{A25FF0E7-4FE8-42E3-AFA6-5E9EAFB62C1A}.AppStore|iPhoneSimulator.ActiveCfg = AppStore|iPhoneSimulator
		{A25FF0E7-4FE8-42E3-AFA6-5E9EAFB62C1A}.AppStore|iPhoneSimulator.Build.0 = AppStore|iPhoneSimulator
		{A25FF0E7-4FE8-42E3-AFA6-5E9EAFB62C1A}.AppStore|x64.ActiveCfg = AppStore|iPhone
		{A25FF0E7-4FE8-42E3-AFA6-5E9EAFB62C1A}.AppStore|x86.ActiveCfg = AppStore|iPhone
		{A25FF0E7-4FE8-42E3-AFA6-5E9EAFB62C1A}.Debug|Any CPU.ActiveCfg = Debug|iPhoneSimulator
		{A25FF0E7-4FE8-42E3-AFA6-5E9EAFB62C1A}.Debug|Any CPU.Build.0 = Debug|iPhoneSimulator
		{A25FF0E7-4FE8-42E3-AFA6-5E9EAFB62C1A}.Debug|ARM.ActiveCfg = Debug|iPhone
		{A25FF0E7-4FE8-42E3-AFA6-5E9EAFB62C1A}.Debug|iPhone.ActiveCfg = Debug|iPhone
		{A25FF0E7-4FE8-42E3-AFA6-5E9EAFB62C1A}.Debug|iPhone.Build.0 = Debug|iPhone
		{A25FF0E7-4FE8-42E3-AFA6-5E9EAFB62C1A}.Debug|iPhoneSimulator.ActiveCfg = Debug|iPhoneSimulator
		{A25FF0E7-4FE8-42E3-AFA6-5E9EAFB62C1A}.Debug|iPhoneSimulator.Build.0 = Debug|iPhoneSimulator
		{A25FF0E7-4FE8-42E3-AFA6-5E9EAFB62C1A}.Debug|x64.ActiveCfg = Debug|iPhone
		{A25FF0E7-4FE8-42E3-AFA6-5E9EAFB62C1A}.Debug|x86.ActiveCfg = Debug|iPhone
		{A25FF0E7-4FE8-42E3-AFA6-5E9EAFB62C1A}.Release|Any CPU.ActiveCfg = Release|iPhoneSimulator
		{A25FF0E7-4FE8-42E3-AFA6-5E9EAFB62C1A}.Release|Any CPU.Build.0 = Release|iPhoneSimulator
		{A25FF0E7-4FE8-42E3-AFA6-5E9EAFB62C1A}.Release|ARM.ActiveCfg = Release|iPhone
		{A25FF0E7-4FE8-42E3-AFA6-5E9EAFB62C1A}.Release|iPhone.ActiveCfg = Release|iPhone
		{A25FF0E7-4FE8-42E3-AFA6-5E9EAFB62C1A}.Release|iPhone.Build.0 = Release|iPhone
		{A25FF0E7-4FE8-42E3-AFA6-5E9EAFB62C1A}.Release|iPhoneSimulator.ActiveCfg = Release|iPhoneSimulator
		{A25FF0E7-4FE8-42E3-AFA6-5E9EAFB62C1A}.Release|iPhoneSimulator.Build.0 = Release|iPhoneSimulator
		{A25FF0E7-4FE8-42E3-AFA6-5E9EAFB62C1A}.Release|x64.ActiveCfg = Release|iPhone
		{A25FF0E7-4FE8-42E3-AFA6-5E9EAFB62C1A}.Release|x86.ActiveCfg = Release|iPhone
		{8CC7D8C1-CF37-446F-B698-0ECDC854662A}.Ad-Hoc|Any CPU.ActiveCfg = Release|Any CPU
		{8CC7D8C1-CF37-446F-B698-0ECDC854662A}.Ad-Hoc|Any CPU.Build.0 = Release|Any CPU
		{8CC7D8C1-CF37-446F-B698-0ECDC854662A}.Ad-Hoc|ARM.ActiveCfg = Release|Any CPU
		{8CC7D8C1-CF37-446F-B698-0ECDC854662A}.Ad-Hoc|ARM.Build.0 = Release|Any CPU
		{8CC7D8C1-CF37-446F-B698-0ECDC854662A}.Ad-Hoc|iPhone.ActiveCfg = Release|Any CPU
		{8CC7D8C1-CF37-446F-B698-0ECDC854662A}.Ad-Hoc|iPhone.Build.0 = Release|Any CPU
		{8CC7D8C1-CF37-446F-B698-0ECDC854662A}.Ad-Hoc|iPhoneSimulator.ActiveCfg = Release|Any CPU
		{8CC7D8C1-CF37-446F-B698-0ECDC854662A}.Ad-Hoc|iPhoneSimulator.Build.0 = Release|Any CPU
		{8CC7D8C1-CF37-446F-B698-0ECDC854662A}.Ad-Hoc|x64.ActiveCfg = Release|Any CPU
		{8CC7D8C1-CF37-446F-B698-0ECDC854662A}.Ad-Hoc|x64.Build.0 = Release|Any CPU
		{8CC7D8C1-CF37-446F-B698-0ECDC854662A}.Ad-Hoc|x86.ActiveCfg = Release|Any CPU
		{8CC7D8C1-CF37-446F-B698-0ECDC854662A}.Ad-Hoc|x86.Build.0 = Release|Any CPU
		{8CC7D8C1-CF37-446F-B698-0ECDC854662A}.AppStore|Any CPU.ActiveCfg = Release|Any CPU
		{8CC7D8C1-CF37-446F-B698-0ECDC854662A}.AppStore|Any CPU.Build.0 = Release|Any CPU
		{8CC7D8C1-CF37-446F-B698-0ECDC854662A}.AppStore|ARM.ActiveCfg = Release|Any CPU
		{8CC7D8C1-CF37-446F-B698-0ECDC854662A}.AppStore|ARM.Build.0 = Release|Any CPU
		{8CC7D8C1-CF37-446F-B698-0ECDC854662A}.AppStore|iPhone.ActiveCfg = Release|Any CPU
		{8CC7D8C1-CF37-446F-B698-0ECDC854662A}.AppStore|iPhone.Build.0 = Release|Any CPU
		{8CC7D8C1-CF37-446F-B698-0ECDC854662A}.AppStore|iPhoneSimulator.ActiveCfg = Release|Any CPU
		{8CC7D8C1-CF37-446F-B698-0ECDC854662A}.AppStore|iPhoneSimulator.Build.0 = Release|Any CPU
		{8CC7D8C1-CF37-446F-B698-0ECDC854662A}.AppStore|x64.ActiveCfg = Release|Any CPU
		{8CC7D8C1-CF37-446F-B698-0ECDC854662A}.AppStore|x64.Build.0 = Release|Any CPU
		{8CC7D8C1-CF37-446F-B698-0ECDC854662A}.AppStore|x86.ActiveCfg = Release|Any CPU
		{8CC7D8C1-CF37-446F-B698-0ECDC854662A}.AppStore|x86.Build.0 = Release|Any CPU
		{8CC7D8C1-CF37-446F-B698-0ECDC854662A}.Debug|Any CPU.ActiveCfg = Debug|Any CPU
		{8CC7D8C1-CF37-446F-B698-0ECDC854662A}.Debug|Any CPU.Build.0 = Debug|Any CPU
		{8CC7D8C1-CF37-446F-B698-0ECDC854662A}.Debug|ARM.ActiveCfg = Debug|Any CPU
		{8CC7D8C1-CF37-446F-B698-0ECDC854662A}.Debug|ARM.Build.0 = Debug|Any CPU
		{8CC7D8C1-CF37-446F-B698-0ECDC854662A}.Debug|iPhone.ActiveCfg = Debug|Any CPU
		{8CC7D8C1-CF37-446F-B698-0ECDC854662A}.Debug|iPhone.Build.0 = Debug|Any CPU
		{8CC7D8C1-CF37-446F-B698-0ECDC854662A}.Debug|iPhoneSimulator.ActiveCfg = Debug|Any CPU
		{8CC7D8C1-CF37-446F-B698-0ECDC854662A}.Debug|iPhoneSimulator.Build.0 = Debug|Any CPU
		{8CC7D8C1-CF37-446F-B698-0ECDC854662A}.Debug|x64.ActiveCfg = Debug|Any CPU
		{8CC7D8C1-CF37-446F-B698-0ECDC854662A}.Debug|x64.Build.0 = Debug|Any CPU
		{8CC7D8C1-CF37-446F-B698-0ECDC854662A}.Debug|x86.ActiveCfg = Debug|Any CPU
		{8CC7D8C1-CF37-446F-B698-0ECDC854662A}.Debug|x86.Build.0 = Debug|Any CPU
		{8CC7D8C1-CF37-446F-B698-0ECDC854662A}.Release|Any CPU.ActiveCfg = Release|Any CPU
		{8CC7D8C1-CF37-446F-B698-0ECDC854662A}.Release|Any CPU.Build.0 = Release|Any CPU
		{8CC7D8C1-CF37-446F-B698-0ECDC854662A}.Release|ARM.ActiveCfg = Release|Any CPU
		{8CC7D8C1-CF37-446F-B698-0ECDC854662A}.Release|ARM.Build.0 = Release|Any CPU
		{8CC7D8C1-CF37-446F-B698-0ECDC854662A}.Release|iPhone.ActiveCfg = Release|Any CPU
		{8CC7D8C1-CF37-446F-B698-0ECDC854662A}.Release|iPhone.Build.0 = Release|Any CPU
		{8CC7D8C1-CF37-446F-B698-0ECDC854662A}.Release|iPhoneSimulator.ActiveCfg = Release|Any CPU
		{8CC7D8C1-CF37-446F-B698-0ECDC854662A}.Release|iPhoneSimulator.Build.0 = Release|Any CPU
		{8CC7D8C1-CF37-446F-B698-0ECDC854662A}.Release|x64.ActiveCfg = Release|Any CPU
		{8CC7D8C1-CF37-446F-B698-0ECDC854662A}.Release|x64.Build.0 = Release|Any CPU
		{8CC7D8C1-CF37-446F-B698-0ECDC854662A}.Release|x86.ActiveCfg = Release|Any CPU
		{8CC7D8C1-CF37-446F-B698-0ECDC854662A}.Release|x86.Build.0 = Release|Any CPU
		{C5E07002-E904-4700-B5DD-C75F56836D84}.Ad-Hoc|Any CPU.ActiveCfg = Release|Any CPU
		{C5E07002-E904-4700-B5DD-C75F56836D84}.Ad-Hoc|Any CPU.Build.0 = Release|Any CPU
		{C5E07002-E904-4700-B5DD-C75F56836D84}.Ad-Hoc|ARM.ActiveCfg = Release|Any CPU
		{C5E07002-E904-4700-B5DD-C75F56836D84}.Ad-Hoc|ARM.Build.0 = Release|Any CPU
		{C5E07002-E904-4700-B5DD-C75F56836D84}.Ad-Hoc|iPhone.ActiveCfg = Release|Any CPU
		{C5E07002-E904-4700-B5DD-C75F56836D84}.Ad-Hoc|iPhone.Build.0 = Release|Any CPU
		{C5E07002-E904-4700-B5DD-C75F56836D84}.Ad-Hoc|iPhoneSimulator.ActiveCfg = Release|Any CPU
		{C5E07002-E904-4700-B5DD-C75F56836D84}.Ad-Hoc|iPhoneSimulator.Build.0 = Release|Any CPU
		{C5E07002-E904-4700-B5DD-C75F56836D84}.Ad-Hoc|x64.ActiveCfg = Release|Any CPU
		{C5E07002-E904-4700-B5DD-C75F56836D84}.Ad-Hoc|x64.Build.0 = Release|Any CPU
		{C5E07002-E904-4700-B5DD-C75F56836D84}.Ad-Hoc|x86.ActiveCfg = Release|Any CPU
		{C5E07002-E904-4700-B5DD-C75F56836D84}.Ad-Hoc|x86.Build.0 = Release|Any CPU
		{C5E07002-E904-4700-B5DD-C75F56836D84}.AppStore|Any CPU.ActiveCfg = Release|Any CPU
		{C5E07002-E904-4700-B5DD-C75F56836D84}.AppStore|Any CPU.Build.0 = Release|Any CPU
		{C5E07002-E904-4700-B5DD-C75F56836D84}.AppStore|ARM.ActiveCfg = Release|Any CPU
		{C5E07002-E904-4700-B5DD-C75F56836D84}.AppStore|ARM.Build.0 = Release|Any CPU
		{C5E07002-E904-4700-B5DD-C75F56836D84}.AppStore|iPhone.ActiveCfg = Release|Any CPU
		{C5E07002-E904-4700-B5DD-C75F56836D84}.AppStore|iPhone.Build.0 = Release|Any CPU
		{C5E07002-E904-4700-B5DD-C75F56836D84}.AppStore|iPhoneSimulator.ActiveCfg = Release|Any CPU
		{C5E07002-E904-4700-B5DD-C75F56836D84}.AppStore|iPhoneSimulator.Build.0 = Release|Any CPU
		{C5E07002-E904-4700-B5DD-C75F56836D84}.AppStore|x64.ActiveCfg = Release|Any CPU
		{C5E07002-E904-4700-B5DD-C75F56836D84}.AppStore|x64.Build.0 = Release|Any CPU
		{C5E07002-E904-4700-B5DD-C75F56836D84}.AppStore|x86.ActiveCfg = Release|Any CPU
		{C5E07002-E904-4700-B5DD-C75F56836D84}.AppStore|x86.Build.0 = Release|Any CPU
		{C5E07002-E904-4700-B5DD-C75F56836D84}.Debug|Any CPU.ActiveCfg = Debug|Any CPU
		{C5E07002-E904-4700-B5DD-C75F56836D84}.Debug|Any CPU.Build.0 = Debug|Any CPU
		{C5E07002-E904-4700-B5DD-C75F56836D84}.Debug|ARM.ActiveCfg = Debug|Any CPU
		{C5E07002-E904-4700-B5DD-C75F56836D84}.Debug|ARM.Build.0 = Debug|Any CPU
		{C5E07002-E904-4700-B5DD-C75F56836D84}.Debug|iPhone.ActiveCfg = Debug|Any CPU
		{C5E07002-E904-4700-B5DD-C75F56836D84}.Debug|iPhone.Build.0 = Debug|Any CPU
		{C5E07002-E904-4700-B5DD-C75F56836D84}.Debug|iPhoneSimulator.ActiveCfg = Debug|Any CPU
		{C5E07002-E904-4700-B5DD-C75F56836D84}.Debug|iPhoneSimulator.Build.0 = Debug|Any CPU
		{C5E07002-E904-4700-B5DD-C75F56836D84}.Debug|x64.ActiveCfg = Debug|Any CPU
		{C5E07002-E904-4700-B5DD-C75F56836D84}.Debug|x64.Build.0 = Debug|Any CPU
		{C5E07002-E904-4700-B5DD-C75F56836D84}.Debug|x86.ActiveCfg = Debug|Any CPU
		{C5E07002-E904-4700-B5DD-C75F56836D84}.Debug|x86.Build.0 = Debug|Any CPU
		{C5E07002-E904-4700-B5DD-C75F56836D84}.Release|Any CPU.ActiveCfg = Release|Any CPU
		{C5E07002-E904-4700-B5DD-C75F56836D84}.Release|Any CPU.Build.0 = Release|Any CPU
		{C5E07002-E904-4700-B5DD-C75F56836D84}.Release|ARM.ActiveCfg = Release|Any CPU
		{C5E07002-E904-4700-B5DD-C75F56836D84}.Release|ARM.Build.0 = Release|Any CPU
		{C5E07002-E904-4700-B5DD-C75F56836D84}.Release|iPhone.ActiveCfg = Release|Any CPU
		{C5E07002-E904-4700-B5DD-C75F56836D84}.Release|iPhone.Build.0 = Release|Any CPU
		{C5E07002-E904-4700-B5DD-C75F56836D84}.Release|iPhoneSimulator.ActiveCfg = Release|Any CPU
		{C5E07002-E904-4700-B5DD-C75F56836D84}.Release|iPhoneSimulator.Build.0 = Release|Any CPU
		{C5E07002-E904-4700-B5DD-C75F56836D84}.Release|x64.ActiveCfg = Release|Any CPU
		{C5E07002-E904-4700-B5DD-C75F56836D84}.Release|x64.Build.0 = Release|Any CPU
		{C5E07002-E904-4700-B5DD-C75F56836D84}.Release|x86.ActiveCfg = Release|Any CPU
		{C5E07002-E904-4700-B5DD-C75F56836D84}.Release|x86.Build.0 = Release|Any CPU
	EndGlobalSection
	GlobalSection(SolutionProperties) = preSolution
		HideSolutionNode = FALSE
	EndGlobalSection
	GlobalSection(NestedProjects) = preSolution
		{1E5B724A-377C-4D52-901C-76C6DCAEFEC1} = {79B68F41-091F-43F6-BA40-36DAAC3F875C}
		{597A7C9D-4309-477D-8A2C-DC08FD4ED50B} = {79B68F41-091F-43F6-BA40-36DAAC3F875C}
		{EC718734-41F1-453B-9F21-2B6D936C3479} = {79B68F41-091F-43F6-BA40-36DAAC3F875C}
		{A25FF0E7-4FE8-42E3-AFA6-5E9EAFB62C1A} = {79B68F41-091F-43F6-BA40-36DAAC3F875C}
		{8CC7D8C1-CF37-446F-B698-0ECDC854662A} = {D1559C1A-5D3C-4BFA-B763-459107F98EDD}
		{C5E07002-E904-4700-B5DD-C75F56836D84} = {D1559C1A-5D3C-4BFA-B763-459107F98EDD}
	EndGlobalSection
EndGlobal
